// !$*UTF8*$!
{
	archiveVersion = 1;
	classes = {
	};
	objectVersion = 56;
	objects = {

/* Begin PBXBuildFile section */
		AA54A29D2BCF2FE900FC3F6A /* SFSymbol.swift in Sources */ = {isa = PBXBuildFile; fileRef = AA54A29C2BCF2FE900FC3F6A /* SFSymbol.swift */; };
		AA54A2A12BCF33C700FC3F6A /* PodcastAPI.swift in Sources */ = {isa = PBXBuildFile; fileRef = AA54A2A02BCF33C700FC3F6A /* PodcastAPI.swift */; };
		AA54A2A32BCF33D900FC3F6A /* PodcastAPIContracts.swift in Sources */ = {isa = PBXBuildFile; fileRef = AA54A2A22BCF33D900FC3F6A /* PodcastAPIContracts.swift */; };
		AACF706E2BCDD26B007E91BD /* AppDelegate.swift in Sources */ = {isa = PBXBuildFile; fileRef = AACF706D2BCDD26B007E91BD /* AppDelegate.swift */; };
		AACF70722BCDD26B007E91BD /* PodcastListViewController.swift in Sources */ = {isa = PBXBuildFile; fileRef = AACF70712BCDD26B007E91BD /* PodcastListViewController.swift */; };
		AACF70772BCDD26D007E91BD /* Assets.xcassets in Resources */ = {isa = PBXBuildFile; fileRef = AACF70762BCDD26D007E91BD /* Assets.xcassets */; };
		AACF707A2BCDD26D007E91BD /* Base in Resources */ = {isa = PBXBuildFile; fileRef = AACF70792BCDD26D007E91BD /* Base */; };
		AACF70842BCDD2F2007E91BD /* AppContainer.swift in Sources */ = {isa = PBXBuildFile; fileRef = AACF70832BCDD2F2007E91BD /* AppContainer.swift */; };
		AACF70862BCDD2F6007E91BD /* AppRouter.swift in Sources */ = {isa = PBXBuildFile; fileRef = AACF70852BCDD2F6007E91BD /* AppRouter.swift */; };
		AACF70882BCDD656007E91BD /* RootTabBarController.swift in Sources */ = {isa = PBXBuildFile; fileRef = AACF70872BCDD656007E91BD /* RootTabBarController.swift */; };
		AACF708A2BCDD6C1007E91BD /* FavoritesListViewController.swift in Sources */ = {isa = PBXBuildFile; fileRef = AACF70892BCDD6C1007E91BD /* FavoritesListViewController.swift */; };
		AACF708C2BCDD82E007E91BD /* SearchViewController.swift in Sources */ = {isa = PBXBuildFile; fileRef = AACF708B2BCDD82E007E91BD /* SearchViewController.swift */; };
		AACF70992BCDE047007E91BD /* Presentable.swift in Sources */ = {isa = PBXBuildFile; fileRef = AACF70982BCDE047007E91BD /* Presentable.swift */; };
		AACF709B2BCDE04C007E91BD /* Pushable.swift in Sources */ = {isa = PBXBuildFile; fileRef = AACF709A2BCDE04C007E91BD /* Pushable.swift */; };
		AACF709D2BCDE052007E91BD /* Alertable.swift in Sources */ = {isa = PBXBuildFile; fileRef = AACF709C2BCDE052007E91BD /* Alertable.swift */; };
		AACF709F2BCDE2BF007E91BD /* Dismissable.swift in Sources */ = {isa = PBXBuildFile; fileRef = AACF709E2BCDE2BF007E91BD /* Dismissable.swift */; };
/* End PBXBuildFile section */

/* Begin PBXFileReference section */
		AA54A29C2BCF2FE900FC3F6A /* SFSymbol.swift */ = {isa = PBXFileReference; lastKnownFileType = sourcecode.swift; path = SFSymbol.swift; sourceTree = "<group>"; };
		AA54A2A02BCF33C700FC3F6A /* PodcastAPI.swift */ = {isa = PBXFileReference; lastKnownFileType = sourcecode.swift; path = PodcastAPI.swift; sourceTree = "<group>"; };
		AA54A2A22BCF33D900FC3F6A /* PodcastAPIContracts.swift */ = {isa = PBXFileReference; lastKnownFileType = sourcecode.swift; path = PodcastAPIContracts.swift; sourceTree = "<group>"; };
		AACF706A2BCDD26B007E91BD /* PodcastApp.app */ = {isa = PBXFileReference; explicitFileType = wrapper.application; includeInIndex = 0; path = PodcastApp.app; sourceTree = BUILT_PRODUCTS_DIR; };
		AACF706D2BCDD26B007E91BD /* AppDelegate.swift */ = {isa = PBXFileReference; lastKnownFileType = sourcecode.swift; path = AppDelegate.swift; sourceTree = "<group>"; };
		AACF70712BCDD26B007E91BD /* PodcastListViewController.swift */ = {isa = PBXFileReference; lastKnownFileType = sourcecode.swift; path = PodcastListViewController.swift; sourceTree = "<group>"; };
		AACF70762BCDD26D007E91BD /* Assets.xcassets */ = {isa = PBXFileReference; lastKnownFileType = folder.assetcatalog; path = Assets.xcassets; sourceTree = "<group>"; };
		AACF70792BCDD26D007E91BD /* Base */ = {isa = PBXFileReference; lastKnownFileType = file.storyboard; name = Base; path = Base.lproj/LaunchScreen.storyboard; sourceTree = "<group>"; };
		AACF707B2BCDD26D007E91BD /* Info.plist */ = {isa = PBXFileReference; lastKnownFileType = text.plist.xml; path = Info.plist; sourceTree = "<group>"; };
		AACF70832BCDD2F2007E91BD /* AppContainer.swift */ = {isa = PBXFileReference; lastKnownFileType = sourcecode.swift; path = AppContainer.swift; sourceTree = "<group>"; };
		AACF70852BCDD2F6007E91BD /* AppRouter.swift */ = {isa = PBXFileReference; lastKnownFileType = sourcecode.swift; path = AppRouter.swift; sourceTree = "<group>"; };
		AACF70872BCDD656007E91BD /* RootTabBarController.swift */ = {isa = PBXFileReference; lastKnownFileType = sourcecode.swift; path = RootTabBarController.swift; sourceTree = "<group>"; };
		AACF70892BCDD6C1007E91BD /* FavoritesListViewController.swift */ = {isa = PBXFileReference; lastKnownFileType = sourcecode.swift; path = FavoritesListViewController.swift; sourceTree = "<group>"; };
		AACF708B2BCDD82E007E91BD /* SearchViewController.swift */ = {isa = PBXFileReference; lastKnownFileType = sourcecode.swift; path = SearchViewController.swift; sourceTree = "<group>"; };
		AACF70982BCDE047007E91BD /* Presentable.swift */ = {isa = PBXFileReference; lastKnownFileType = sourcecode.swift; path = Presentable.swift; sourceTree = "<group>"; };
		AACF709A2BCDE04C007E91BD /* Pushable.swift */ = {isa = PBXFileReference; lastKnownFileType = sourcecode.swift; path = Pushable.swift; sourceTree = "<group>"; };
		AACF709C2BCDE052007E91BD /* Alertable.swift */ = {isa = PBXFileReference; lastKnownFileType = sourcecode.swift; path = Alertable.swift; sourceTree = "<group>"; };
		AACF709E2BCDE2BF007E91BD /* Dismissable.swift */ = {isa = PBXFileReference; lastKnownFileType = sourcecode.swift; path = Dismissable.swift; sourceTree = "<group>"; };
/* End PBXFileReference section */

/* Begin PBXFrameworksBuildPhase section */
		AACF70672BCDD26B007E91BD /* Frameworks */ = {
			isa = PBXFrameworksBuildPhase;
			buildActionMask = 2147483647;
			files = (
			);
			runOnlyForDeploymentPostprocessing = 0;
		};
/* End PBXFrameworksBuildPhase section */

/* Begin PBXGroup section */
		AA54A29B2BCF2FDC00FC3F6A /* Constants */ = {
			isa = PBXGroup;
			children = (
				AA54A29C2BCF2FE900FC3F6A /* SFSymbol.swift */,
			);
			path = Constants;
			sourceTree = "<group>";
		};
		AA54A29E2BCF33B800FC3F6A /* Core */ = {
			isa = PBXGroup;
			children = (
				AA54A2A42BCF3AE100FC3F6A /* Managers */,
				AA54A29F2BCF33BD00FC3F6A /* APIClient */,
			);
			path = Core;
			sourceTree = "<group>";
		};
		AA54A29F2BCF33BD00FC3F6A /* APIClient */ = {
			isa = PBXGroup;
			children = (
				AA54A2A62BCF3B0700FC3F6A /* DTO's */,
				AA54A2A72BCF3B4A00FC3F6A /* Responses */,
				AA54A2A52BCF3B0200FC3F6A /* PodcastAPI */,
			);
			path = APIClient;
			sourceTree = "<group>";
		};
		AA54A2A42BCF3AE100FC3F6A /* Managers */ = {
			isa = PBXGroup;
			children = (
			);
			path = Managers;
			sourceTree = "<group>";
		};
		AA54A2A52BCF3B0200FC3F6A /* PodcastAPI */ = {
			isa = PBXGroup;
			children = (
				AA54A2A02BCF33C700FC3F6A /* PodcastAPI.swift */,
				AA54A2A22BCF33D900FC3F6A /* PodcastAPIContracts.swift */,
			);
			path = PodcastAPI;
			sourceTree = "<group>";
		};
		AA54A2A62BCF3B0700FC3F6A /* DTO's */ = {
			isa = PBXGroup;
			children = (
			);
			path = "DTO's";
			sourceTree = "<group>";
		};
		AA54A2A72BCF3B4A00FC3F6A /* Responses */ = {
			isa = PBXGroup;
			children = (
			);
			path = Responses;
			sourceTree = "<group>";
		};
		AACF70612BCDD26B007E91BD = {
			isa = PBXGroup;
			children = (
				AACF706C2BCDD26B007E91BD /* PodcastApp */,
				AACF706B2BCDD26B007E91BD /* Products */,
			);
			sourceTree = "<group>";
		};
		AACF706B2BCDD26B007E91BD /* Products */ = {
			isa = PBXGroup;
			children = (
				AACF706A2BCDD26B007E91BD /* PodcastApp.app */,
			);
			name = Products;
			sourceTree = "<group>";
		};
		AACF706C2BCDD26B007E91BD /* PodcastApp */ = {
			isa = PBXGroup;
			children = (
				AACF708D2BCDDF29007E91BD /* App */,
				AA54A29E2BCF33B800FC3F6A /* Core */,
				AACF70942BCDE017007E91BD /* Utilities */,
				AACF708E2BCDDF33007E91BD /* Scenes */,
				AACF70932BCDDF78007E91BD /* Resources */,
			);
			path = PodcastApp;
			sourceTree = "<group>";
		};
		AACF708D2BCDDF29007E91BD /* App */ = {
			isa = PBXGroup;
			children = (
				AACF706D2BCDD26B007E91BD /* AppDelegate.swift */,
				AACF70832BCDD2F2007E91BD /* AppContainer.swift */,
				AACF70852BCDD2F6007E91BD /* AppRouter.swift */,
				AACF70782BCDD26D007E91BD /* LaunchScreen.storyboard */,
				AACF707B2BCDD26D007E91BD /* Info.plist */,
			);
			path = App;
			sourceTree = "<group>";
		};
		AACF708E2BCDDF33007E91BD /* Scenes */ = {
			isa = PBXGroup;
			children = (
				AACF708F2BCDDF3B007E91BD /* Root */,
				AACF70902BCDDF3E007E91BD /* PodcastList */,
				AACF70912BCDDF44007E91BD /* Search */,
				AACF70922BCDDF47007E91BD /* Favorites */,
			);
			path = Scenes;
			sourceTree = "<group>";
		};
		AACF708F2BCDDF3B007E91BD /* Root */ = {
			isa = PBXGroup;
			children = (
				AACF70872BCDD656007E91BD /* RootTabBarController.swift */,
			);
			path = Root;
			sourceTree = "<group>";
		};
		AACF70902BCDDF3E007E91BD /* PodcastList */ = {
			isa = PBXGroup;
			children = (
				AACF70712BCDD26B007E91BD /* PodcastListViewController.swift */,
			);
			path = PodcastList;
			sourceTree = "<group>";
		};
		AACF70912BCDDF44007E91BD /* Search */ = {
			isa = PBXGroup;
			children = (
				AACF708B2BCDD82E007E91BD /* SearchViewController.swift */,
			);
			path = Search;
			sourceTree = "<group>";
		};
		AACF70922BCDDF47007E91BD /* Favorites */ = {
			isa = PBXGroup;
			children = (
				AACF70892BCDD6C1007E91BD /* FavoritesListViewController.swift */,
			);
			path = Favorites;
			sourceTree = "<group>";
		};
		AACF70932BCDDF78007E91BD /* Resources */ = {
			isa = PBXGroup;
			children = (
				AACF70762BCDD26D007E91BD /* Assets.xcassets */,
			);
			path = Resources;
			sourceTree = "<group>";
		};
		AACF70942BCDE017007E91BD /* Utilities */ = {
			isa = PBXGroup;
			children = (
				AA54A29B2BCF2FDC00FC3F6A /* Constants */,
				AACF70972BCDE03C007E91BD /* SharedProtocols */,
			);
			path = Utilities;
			sourceTree = "<group>";
		};
		AACF70972BCDE03C007E91BD /* SharedProtocols */ = {
			isa = PBXGroup;
			children = (
				AACF70982BCDE047007E91BD /* Presentable.swift */,
				AACF709A2BCDE04C007E91BD /* Pushable.swift */,
				AACF709C2BCDE052007E91BD /* Alertable.swift */,
				AACF709E2BCDE2BF007E91BD /* Dismissable.swift */,
			);
			path = SharedProtocols;
			sourceTree = "<group>";
		};
/* End PBXGroup section */

/* Begin PBXNativeTarget section */
		AACF70692BCDD26B007E91BD /* PodcastApp */ = {
			isa = PBXNativeTarget;
			buildConfigurationList = AACF707E2BCDD26D007E91BD /* Build configuration list for PBXNativeTarget "PodcastApp" */;
			buildPhases = (
				AACF70662BCDD26B007E91BD /* Sources */,
				AACF70672BCDD26B007E91BD /* Frameworks */,
				AACF70682BCDD26B007E91BD /* Resources */,
			);
			buildRules = (
			);
			dependencies = (
			);
			name = PodcastApp;
			productName = PodcastApp;
			productReference = AACF706A2BCDD26B007E91BD /* PodcastApp.app */;
			productType = "com.apple.product-type.application";
		};
/* End PBXNativeTarget section */

/* Begin PBXProject section */
		AACF70622BCDD26B007E91BD /* Project object */ = {
			isa = PBXProject;
			attributes = {
				BuildIndependentTargetsInParallel = 1;
				LastSwiftUpdateCheck = 1530;
				LastUpgradeCheck = 1530;
				TargetAttributes = {
					AACF70692BCDD26B007E91BD = {
						CreatedOnToolsVersion = 15.3;
					};
				};
			};
			buildConfigurationList = AACF70652BCDD26B007E91BD /* Build configuration list for PBXProject "PodcastApp" */;
			compatibilityVersion = "Xcode 14.0";
			developmentRegion = en;
			hasScannedForEncodings = 0;
			knownRegions = (
				en,
				Base,
			);
			mainGroup = AACF70612BCDD26B007E91BD;
			productRefGroup = AACF706B2BCDD26B007E91BD /* Products */;
			projectDirPath = "";
			projectRoot = "";
			targets = (
				AACF70692BCDD26B007E91BD /* PodcastApp */,
			);
		};
/* End PBXProject section */

/* Begin PBXResourcesBuildPhase section */
		AACF70682BCDD26B007E91BD /* Resources */ = {
			isa = PBXResourcesBuildPhase;
			buildActionMask = 2147483647;
			files = (
				AACF70772BCDD26D007E91BD /* Assets.xcassets in Resources */,
				AACF707A2BCDD26D007E91BD /* Base in Resources */,
			);
			runOnlyForDeploymentPostprocessing = 0;
		};
/* End PBXResourcesBuildPhase section */

/* Begin PBXSourcesBuildPhase section */
		AACF70662BCDD26B007E91BD /* Sources */ = {
			isa = PBXSourcesBuildPhase;
			buildActionMask = 2147483647;
			files = (
				AA54A2A32BCF33D900FC3F6A /* PodcastAPIContracts.swift in Sources */,
				AACF70862BCDD2F6007E91BD /* AppRouter.swift in Sources */,
				AA54A2A12BCF33C700FC3F6A /* PodcastAPI.swift in Sources */,
				AACF70992BCDE047007E91BD /* Presentable.swift in Sources */,
				AACF708C2BCDD82E007E91BD /* SearchViewController.swift in Sources */,
				AACF70882BCDD656007E91BD /* RootTabBarController.swift in Sources */,
				AACF709D2BCDE052007E91BD /* Alertable.swift in Sources */,
				AACF708A2BCDD6C1007E91BD /* FavoritesListViewController.swift in Sources */,
				AACF70722BCDD26B007E91BD /* PodcastListViewController.swift in Sources */,
				AACF706E2BCDD26B007E91BD /* AppDelegate.swift in Sources */,
				AA54A29D2BCF2FE900FC3F6A /* SFSymbol.swift in Sources */,
				AACF709F2BCDE2BF007E91BD /* Dismissable.swift in Sources */,
				AACF709B2BCDE04C007E91BD /* Pushable.swift in Sources */,
				AACF70842BCDD2F2007E91BD /* AppContainer.swift in Sources */,
			);
			runOnlyForDeploymentPostprocessing = 0;
		};
/* End PBXSourcesBuildPhase section */

/* Begin PBXVariantGroup section */
		AACF70782BCDD26D007E91BD /* LaunchScreen.storyboard */ = {
			isa = PBXVariantGroup;
			children = (
				AACF70792BCDD26D007E91BD /* Base */,
			);
			name = LaunchScreen.storyboard;
			sourceTree = "<group>";
		};
/* End PBXVariantGroup section */

/* Begin XCBuildConfiguration section */
		AACF707C2BCDD26D007E91BD /* Debug */ = {
			isa = XCBuildConfiguration;
			buildSettings = {
				ALWAYS_SEARCH_USER_PATHS = NO;
				ASSETCATALOG_COMPILER_GENERATE_SWIFT_ASSET_SYMBOL_EXTENSIONS = YES;
				CLANG_ANALYZER_NONNULL = YES;
				CLANG_ANALYZER_NUMBER_OBJECT_CONVERSION = YES_AGGRESSIVE;
				CLANG_CXX_LANGUAGE_STANDARD = "gnu++20";
				CLANG_ENABLE_MODULES = YES;
				CLANG_ENABLE_OBJC_ARC = YES;
				CLANG_ENABLE_OBJC_WEAK = YES;
				CLANG_WARN_BLOCK_CAPTURE_AUTORELEASING = YES;
				CLANG_WARN_BOOL_CONVERSION = YES;
				CLANG_WARN_COMMA = YES;
				CLANG_WARN_CONSTANT_CONVERSION = YES;
				CLANG_WARN_DEPRECATED_OBJC_IMPLEMENTATIONS = YES;
				CLANG_WARN_DIRECT_OBJC_ISA_USAGE = YES_ERROR;
				CLANG_WARN_DOCUMENTATION_COMMENTS = YES;
				CLANG_WARN_EMPTY_BODY = YES;
				CLANG_WARN_ENUM_CONVERSION = YES;
				CLANG_WARN_INFINITE_RECURSION = YES;
				CLANG_WARN_INT_CONVERSION = YES;
				CLANG_WARN_NON_LITERAL_NULL_CONVERSION = YES;
				CLANG_WARN_OBJC_IMPLICIT_RETAIN_SELF = YES;
				CLANG_WARN_OBJC_LITERAL_CONVERSION = YES;
				CLANG_WARN_OBJC_ROOT_CLASS = YES_ERROR;
				CLANG_WARN_QUOTED_INCLUDE_IN_FRAMEWORK_HEADER = YES;
				CLANG_WARN_RANGE_LOOP_ANALYSIS = YES;
				CLANG_WARN_STRICT_PROTOTYPES = YES;
				CLANG_WARN_SUSPICIOUS_MOVE = YES;
				CLANG_WARN_UNGUARDED_AVAILABILITY = YES_AGGRESSIVE;
				CLANG_WARN_UNREACHABLE_CODE = YES;
				CLANG_WARN__DUPLICATE_METHOD_MATCH = YES;
				COPY_PHASE_STRIP = NO;
				DEBUG_INFORMATION_FORMAT = dwarf;
				ENABLE_STRICT_OBJC_MSGSEND = YES;
				ENABLE_TESTABILITY = YES;
				ENABLE_USER_SCRIPT_SANDBOXING = YES;
				GCC_C_LANGUAGE_STANDARD = gnu17;
				GCC_DYNAMIC_NO_PIC = NO;
				GCC_NO_COMMON_BLOCKS = YES;
				GCC_OPTIMIZATION_LEVEL = 0;
				GCC_PREPROCESSOR_DEFINITIONS = (
					"DEBUG=1",
					"$(inherited)",
				);
				GCC_WARN_64_TO_32_BIT_CONVERSION = YES;
				GCC_WARN_ABOUT_RETURN_TYPE = YES_ERROR;
				GCC_WARN_UNDECLARED_SELECTOR = YES;
				GCC_WARN_UNINITIALIZED_AUTOS = YES_AGGRESSIVE;
				GCC_WARN_UNUSED_FUNCTION = YES;
				GCC_WARN_UNUSED_VARIABLE = YES;
				IPHONEOS_DEPLOYMENT_TARGET = 17.4;
				LOCALIZATION_PREFERS_STRING_CATALOGS = YES;
				MTL_ENABLE_DEBUG_INFO = INCLUDE_SOURCE;
				MTL_FAST_MATH = YES;
				ONLY_ACTIVE_ARCH = YES;
				SDKROOT = iphoneos;
				SWIFT_ACTIVE_COMPILATION_CONDITIONS = "DEBUG $(inherited)";
				SWIFT_OPTIMIZATION_LEVEL = "-Onone";
			};
			name = Debug;
		};
		AACF707D2BCDD26D007E91BD /* Release */ = {
			isa = XCBuildConfiguration;
			buildSettings = {
				ALWAYS_SEARCH_USER_PATHS = NO;
				ASSETCATALOG_COMPILER_GENERATE_SWIFT_ASSET_SYMBOL_EXTENSIONS = YES;
				CLANG_ANALYZER_NONNULL = YES;
				CLANG_ANALYZER_NUMBER_OBJECT_CONVERSION = YES_AGGRESSIVE;
				CLANG_CXX_LANGUAGE_STANDARD = "gnu++20";
				CLANG_ENABLE_MODULES = YES;
				CLANG_ENABLE_OBJC_ARC = YES;
				CLANG_ENABLE_OBJC_WEAK = YES;
				CLANG_WARN_BLOCK_CAPTURE_AUTORELEASING = YES;
				CLANG_WARN_BOOL_CONVERSION = YES;
				CLANG_WARN_COMMA = YES;
				CLANG_WARN_CONSTANT_CONVERSION = YES;
				CLANG_WARN_DEPRECATED_OBJC_IMPLEMENTATIONS = YES;
				CLANG_WARN_DIRECT_OBJC_ISA_USAGE = YES_ERROR;
				CLANG_WARN_DOCUMENTATION_COMMENTS = YES;
				CLANG_WARN_EMPTY_BODY = YES;
				CLANG_WARN_ENUM_CONVERSION = YES;
				CLANG_WARN_INFINITE_RECURSION = YES;
				CLANG_WARN_INT_CONVERSION = YES;
				CLANG_WARN_NON_LITERAL_NULL_CONVERSION = YES;
				CLANG_WARN_OBJC_IMPLICIT_RETAIN_SELF = YES;
				CLANG_WARN_OBJC_LITERAL_CONVERSION = YES;
				CLANG_WARN_OBJC_ROOT_CLASS = YES_ERROR;
				CLANG_WARN_QUOTED_INCLUDE_IN_FRAMEWORK_HEADER = YES;
				CLANG_WARN_RANGE_LOOP_ANALYSIS = YES;
				CLANG_WARN_STRICT_PROTOTYPES = YES;
				CLANG_WARN_SUSPICIOUS_MOVE = YES;
				CLANG_WARN_UNGUARDED_AVAILABILITY = YES_AGGRESSIVE;
				CLANG_WARN_UNREACHABLE_CODE = YES;
				CLANG_WARN__DUPLICATE_METHOD_MATCH = YES;
				COPY_PHASE_STRIP = NO;
				DEBUG_INFORMATION_FORMAT = "dwarf-with-dsym";
				ENABLE_NS_ASSERTIONS = NO;
				ENABLE_STRICT_OBJC_MSGSEND = YES;
				ENABLE_USER_SCRIPT_SANDBOXING = YES;
				GCC_C_LANGUAGE_STANDARD = gnu17;
				GCC_NO_COMMON_BLOCKS = YES;
				GCC_WARN_64_TO_32_BIT_CONVERSION = YES;
				GCC_WARN_ABOUT_RETURN_TYPE = YES_ERROR;
				GCC_WARN_UNDECLARED_SELECTOR = YES;
				GCC_WARN_UNINITIALIZED_AUTOS = YES_AGGRESSIVE;
				GCC_WARN_UNUSED_FUNCTION = YES;
				GCC_WARN_UNUSED_VARIABLE = YES;
				IPHONEOS_DEPLOYMENT_TARGET = 17.4;
				LOCALIZATION_PREFERS_STRING_CATALOGS = YES;
				MTL_ENABLE_DEBUG_INFO = NO;
				MTL_FAST_MATH = YES;
				SDKROOT = iphoneos;
				SWIFT_COMPILATION_MODE = wholemodule;
				VALIDATE_PRODUCT = YES;
			};
			name = Release;
		};
		AACF707F2BCDD26D007E91BD /* Debug */ = {
			isa = XCBuildConfiguration;
			buildSettings = {
				ASSETCATALOG_COMPILER_APPICON_NAME = AppIcon;
				ASSETCATALOG_COMPILER_GLOBAL_ACCENT_COLOR_NAME = AccentColor;
				CODE_SIGN_STYLE = Automatic;
				CURRENT_PROJECT_VERSION = 1;
				DEVELOPMENT_TEAM = 46PR5V47LD;
				GENERATE_INFOPLIST_FILE = YES;
				INFOPLIST_FILE = PodcastApp/App/Info.plist;
				INFOPLIST_KEY_UIApplicationSupportsIndirectInputEvents = YES;
				INFOPLIST_KEY_UILaunchStoryboardName = LaunchScreen;
				INFOPLIST_KEY_UISupportedInterfaceOrientations_iPad = "UIInterfaceOrientationPortrait UIInterfaceOrientationPortraitUpsideDown UIInterfaceOrientationLandscapeLeft UIInterfaceOrientationLandscapeRight";
				INFOPLIST_KEY_UISupportedInterfaceOrientations_iPhone = "UIInterfaceOrientationPortrait UIInterfaceOrientationLandscapeLeft UIInterfaceOrientationLandscapeRight";
				LD_RUNPATH_SEARCH_PATHS = (
					"$(inherited)",
					"@executable_path/Frameworks",
				);
				MARKETING_VERSION = 1.0;
				PRODUCT_BUNDLE_IDENTIFIER = com.yunusberdibekk.PodcastApp;
				PRODUCT_NAME = "$(TARGET_NAME)";
				SWIFT_EMIT_LOC_STRINGS = YES;
				SWIFT_VERSION = 5.0;
				TARGETED_DEVICE_FAMILY = "1,2";
			};
			name = Debug;
		};
		AACF70802BCDD26D007E91BD /* Release */ = {
			isa = XCBuildConfiguration;
			buildSettings = {
				ASSETCATALOG_COMPILER_APPICON_NAME = AppIcon;
				ASSETCATALOG_COMPILER_GLOBAL_ACCENT_COLOR_NAME = AccentColor;
				CODE_SIGN_STYLE = Automatic;
				CURRENT_PROJECT_VERSION = 1;
				DEVELOPMENT_TEAM = 46PR5V47LD;
				GENERATE_INFOPLIST_FILE = YES;
				INFOPLIST_FILE = PodcastApp/App/Info.plist;
				INFOPLIST_KEY_UIApplicationSupportsIndirectInputEvents = YES;
				INFOPLIST_KEY_UILaunchStoryboardName = LaunchScreen;
				INFOPLIST_KEY_UISupportedInterfaceOrientations_iPad = "UIInterfaceOrientationPortrait UIInterfaceOrientationPortraitUpsideDown UIInterfaceOrientationLandscapeLeft UIInterfaceOrientationLandscapeRight";
				INFOPLIST_KEY_UISupportedInterfaceOrientations_iPhone = "UIInterfaceOrientationPortrait UIInterfaceOrientationLandscapeLeft UIInterfaceOrientationLandscapeRight";
				LD_RUNPATH_SEARCH_PATHS = (
					"$(inherited)",
					"@executable_path/Frameworks",
				);
				MARKETING_VERSION = 1.0;
				PRODUCT_BUNDLE_IDENTIFIER = com.yunusberdibekk.PodcastApp;
				PRODUCT_NAME = "$(TARGET_NAME)";
				SWIFT_EMIT_LOC_STRINGS = YES;
				SWIFT_VERSION = 5.0;
				TARGETED_DEVICE_FAMILY = "1,2";
			};
			name = Release;
		};
/* End XCBuildConfiguration section */

/* Begin XCConfigurationList section */
		AACF70652BCDD26B007E91BD /* Build configuration list for PBXProject "PodcastApp" */ = {
			isa = XCConfigurationList;
			buildConfigurations = (
				AACF707C2BCDD26D007E91BD /* Debug */,
				AACF707D2BCDD26D007E91BD /* Release */,
			);
			defaultConfigurationIsVisible = 0;
			defaultConfigurationName = Release;
		};
		AACF707E2BCDD26D007E91BD /* Build configuration list for PBXNativeTarget "PodcastApp" */ = {
			isa = XCConfigurationList;
			buildConfigurations = (
				AACF707F2BCDD26D007E91BD /* Debug */,
				AACF70802BCDD26D007E91BD /* Release */,
			);
			defaultConfigurationIsVisible = 0;
			defaultConfigurationName = Release;
		};
/* End XCConfigurationList section */
	};
	rootObject = AACF70622BCDD26B007E91BD /* Project object */;
}
